
Microsoft Visual Studio Solution File, Format Version 12.00
# Visual Studio 15
VisualStudioVersion = 15.0.27130.2027
MinimumVisualStudioVersion = 10.0.40219.1
Project("{8BC9CEB8-8B4A-11D0-8D11-00A0C91BC942}") = "mini7", "mini7\mini7.vcxproj", "{2EF255AA-CA75-4676-8933-FFD2DBDA22BB}"
EndProject
Global
	GlobalSection(SolutionConfigurationPlatforms) = preSolution
		Debug|x64 = Debug|x64
		Debug|x86 = Debug|x86
		Release|x64 = Release|x64
		Release|x86 = Release|x86
	EndGlobalSection
	GlobalSection(ProjectConfigurationPlatforms) = postSolution
		{2EF255AA-CA75-4676-8933-FFD2DBDA22BB}.Debug|x64.ActiveCfg = Debug|x64
		{2EF255AA-CA75-4676-8933-FFD2DBDA22BB}.Debug|x64.Build.0 = Debug|x64
		{2EF255AA-CA75-4676-8933-FFD2DBDA22BB}.Debug|x86.ActiveCfg = Debug|Win32
		{2EF255AA-CA75-4676-8933-FFD2DBDA22BB}.Debug|x86.Build.0 = Debug|Win32
		{2EF255AA-CA75-4676-8933-FFD2DBDA22BB}.Release|x64.ActiveCfg = Release|x64
		{2EF255AA-CA75-4676-8933-FFD2DBDA22BB}.Release|x64.Build.0 = Release|x64
		{2EF255AA-CA75-4676-8933-FFD2DBDA22BB}.Release|x86.ActiveCfg = Release|Win32
		{2EF255AA-CA75-4676-8933-FFD2DBDA22BB}.Release|x86.Build.0 = Release|Win32
	EndGlobalSection
	GlobalSection(SolutionProperties) = preSolution
		HideSolutionNode = FALSE
	EndGlobalSection
	GlobalSection(ExtensibilityGlobals) = postSolution
		SolutionGuid = {628DFD30-E31A-4775-A91E-564D78E25F2E}
	EndGlobalSection
EndGlobal
